
Microsoft Visual Studio Solution File, Format Version 12.00
# Visual Studio Version 17
VisualStudioVersion = 17.2.32516.85
MinimumVisualStudioVersion = 10.0.40219.1
Project("{9A19103F-16F7-4668-BE54-9A1E7A4F7556}") = "GenericsProgramBasic", "GenericsProgramBasic\GenericsProgramBasic.csproj", "{5184155C-B086-4DB2-82BB-7F8F3B6529CC}"
EndProject
Project("{9A19103F-16F7-4668-BE54-9A1E7A4F7556}") = "TestingGenericsProgramBasic", "TestingGenericsProgramBasic\TestingGenericsProgramBasic.csproj", "{E7C9CBFF-09A1-4044-AFE9-BD6F060731CE}"
EndProject
Global
	GlobalSection(SolutionConfigurationPlatforms) = preSolution
		Debug|Any CPU = Debug|Any CPU
		Release|Any CPU = Release|Any CPU
	EndGlobalSection
	GlobalSection(ProjectConfigurationPlatforms) = postSolution
		{5184155C-B086-4DB2-82BB-7F8F3B6529CC}.Debug|Any CPU.ActiveCfg = Debug|Any CPU
		{5184155C-B086-4DB2-82BB-7F8F3B6529CC}.Debug|Any CPU.Build.0 = Debug|Any CPU
		{5184155C-B086-4DB2-82BB-7F8F3B6529CC}.Release|Any CPU.ActiveCfg = Release|Any CPU
		{5184155C-B086-4DB2-82BB-7F8F3B6529CC}.Release|Any CPU.Build.0 = Release|Any CPU
		{E7C9CBFF-09A1-4044-AFE9-BD6F060731CE}.Debug|Any CPU.ActiveCfg = Debug|Any CPU
		{E7C9CBFF-09A1-4044-AFE9-BD6F060731CE}.Debug|Any CPU.Build.0 = Debug|Any CPU
		{E7C9CBFF-09A1-4044-AFE9-BD6F060731CE}.Release|Any CPU.ActiveCfg = Release|Any CPU
		{E7C9CBFF-09A1-4044-AFE9-BD6F060731CE}.Release|Any CPU.Build.0 = Release|Any CPU
	EndGlobalSection
	GlobalSection(SolutionProperties) = preSolution
		HideSolutionNode = FALSE
	EndGlobalSection
	GlobalSection(ExtensibilityGlobals) = postSolution
		SolutionGuid = {F7D2AF05-8219-41C1-B796-0807E1D08556}
	EndGlobalSection
EndGlobal
